# Generated by `emb cross`. Do not edit by hand.
# Pins resolved toolchain/sysroot inputs per target.
version: 1
targets:
  'rpi5-trixie':
    provider: 'arm-gnu'
    triple: 'aarch64-none-linux-gnu'
    toolchain_version: '15.2.rel1'
    sysroot_key: 'e08640dd825f'
    build_key: 'b6d42047beee'
    artifacts:
      - kind: 'toolchain'
        url: 'https://developer.arm.com/-/media/Files/downloads/gnu/15.2.rel1/binrel/arm-gnu-toolchain-15.2.rel1-x86_64-aarch64-none-linux-gnu.tar.xz'
        sha256: '9a685b335bd709d683a8c782253c37e8c36c10e6924e59e39d4769b02132eb43'
      - kind: 'image'
        url: 'https://downloads.raspberrypi.com/raspios_lite_arm64/images/raspios_lite_arm64-2026-04-21/2026-04-21-raspios-trixie-arm64-lite.img.xz'
        sha256: '4cd31df026fd82243805a326dc0cafd7383f7e3d30c9413e7044d507aae281e2'
